// !$*UTF8*$!
{
	archiveVersion = 1;
	classes = {
	};
	objectVersion = 46;
	objects = {

/* Begin PBXBuildFile section */
		8DD76F790486A8DE00D96B5E /* CoreFoundation.framework in Frameworks */ = {isa = PBXBuildFile; fileRef = 09AB6884FE841BABC02AAC07 /* CoreFoundation.framework */; };
		D44480A7105BFF5600756CA8 /* ImageSnap.m in Sources */ = {isa = PBXBuildFile; fileRef = D44480A6105BFF5600756CA8 /* ImageSnap.m */; };
		D48D572910598E4000885DA8 /* Cocoa.framework in Frameworks */ = {isa = PBXBuildFile; fileRef = D48D572810598E4000885DA8 /* Cocoa.framework */; };
		D48D572B10598E4000885DA8 /* QTKit.framework in Frameworks */ = {isa = PBXBuildFile; fileRef = D48D572A10598E4000885DA8 /* QTKit.framework */; };
		D48D572D10598E4000885DA8 /* Quartz.framework in Frameworks */ = {isa = PBXBuildFile; fileRef = D48D572C10598E4000885DA8 /* Quartz.framework */; };
/* End PBXBuildFile section */

/* Begin PBXCopyFilesBuildPhase section */
		8DD76F7B0486A8DE00D96B5E /* CopyFiles */ = {
			isa = PBXCopyFilesBuildPhase;
			buildActionMask = 8;
			dstPath = /usr/share/man/man1/;
			dstSubfolderSpec = 0;
			files = (
			);
			runOnlyForDeploymentPostprocessing = 1;
		};
/* End PBXCopyFilesBuildPhase section */

/* Begin PBXFileReference section */
		09AB6884FE841BABC02AAC07 /* CoreFoundation.framework */ = {isa = PBXFileReference; lastKnownFileType = wrapper.framework; name = CoreFoundation.framework; path = /System/Library/Frameworks/CoreFoundation.framework; sourceTree = "<absolute>"; };
		D44480A5105BFF5600756CA8 /* ImageSnap.h */ = {isa = PBXFileReference; fileEncoding = 4; lastKnownFileType = sourcecode.c.h; path = ImageSnap.h; sourceTree = "<group>"; };
		D44480A6105BFF5600756CA8 /* ImageSnap.m */ = {isa = PBXFileReference; fileEncoding = 4; lastKnownFileType = sourcecode.c.objc; path = ImageSnap.m; sourceTree = "<group>"; };
		D48D572810598E4000885DA8 /* Cocoa.framework */ = {isa = PBXFileReference; lastKnownFileType = wrapper.framework; name = Cocoa.framework; path = /System/Library/Frameworks/Cocoa.framework; sourceTree = "<absolute>"; };
		D48D572A10598E4000885DA8 /* QTKit.framework */ = {isa = PBXFileReference; lastKnownFileType = wrapper.framework; name = QTKit.framework; path = /System/Library/Frameworks/QTKit.framework; sourceTree = "<absolute>"; };
		D48D572C10598E4000885DA8 /* Quartz.framework */ = {isa = PBXFileReference; lastKnownFileType = wrapper.framework; name = Quartz.framework; path = /System/Library/Frameworks/Quartz.framework; sourceTree = "<absolute>"; };
		D49AA9851085011600FE189B /* ReadMeOrDont.rtf */ = {isa = PBXFileReference; lastKnownFileType = text.rtf; path = ReadMeOrDont.rtf; sourceTree = "<group>"; };
		D4C1B149105C049B00FCB6A2 /* imagesnap */ = {isa = PBXFileReference; explicitFileType = "compiled.mach-o.executable"; includeInIndex = 0; path = imagesnap; sourceTree = BUILT_PRODUCTS_DIR; };
/* End PBXFileReference section */

/* Begin PBXFrameworksBuildPhase section */
		8DD76F780486A8DE00D96B5E /* Frameworks */ = {
			isa = PBXFrameworksBuildPhase;
			buildActionMask = 2147483647;
			files = (
				8DD76F790486A8DE00D96B5E /* CoreFoundation.framework in Frameworks */,
				D48D572910598E4000885DA8 /* Cocoa.framework in Frameworks */,
				D48D572B10598E4000885DA8 /* QTKit.framework in Frameworks */,
				D48D572D10598E4000885DA8 /* Quartz.framework in Frameworks */,
			);
			runOnlyForDeploymentPostprocessing = 0;
		};
/* End PBXFrameworksBuildPhase section */

/* Begin PBXGroup section */
		08FB7794FE84155DC02AAC07 /* ImageSnap */ = {
			isa = PBXGroup;
			children = (
				08FB7795FE84155DC02AAC07 /* Source */,
				C6859E96029091FE04C91782 /* Documentation */,
				08FB779DFE84155DC02AAC07 /* External Frameworks and Libraries */,
				19C28FBDFE9D53C911CA2CBB /* Products */,
			);
			name = ImageSnap;
			sourceTree = "<group>";
		};
		08FB7795FE84155DC02AAC07 /* Source */ = {
			isa = PBXGroup;
			children = (
				D44480A5105BFF5600756CA8 /* ImageSnap.h */,
				D44480A6105BFF5600756CA8 /* ImageSnap.m */,
			);
			name = Source;
			sourceTree = "<group>";
		};
		08FB779DFE84155DC02AAC07 /* External Frameworks and Libraries */ = {
			isa = PBXGroup;
			children = (
				09AB6884FE841BABC02AAC07 /* CoreFoundation.framework */,
				D48D572810598E4000885DA8 /* Cocoa.framework */,
				D48D572A10598E4000885DA8 /* QTKit.framework */,
				D48D572C10598E4000885DA8 /* Quartz.framework */,
			);
			name = "External Frameworks and Libraries";
			sourceTree = "<group>";
		};
		19C28FBDFE9D53C911CA2CBB /* Products */ = {
			isa = PBXGroup;
			children = (
				D4C1B149105C049B00FCB6A2 /* imagesnap */,
			);
			name = Products;
			sourceTree = "<group>";
		};
		C6859E96029091FE04C91782 /* Documentation */ = {
			isa = PBXGroup;
			children = (
				D49AA9851085011600FE189B /* ReadMeOrDont.rtf */,
			);
			name = Documentation;
			sourceTree = "<group>";
		};
/* End PBXGroup section */

/* Begin PBXNativeTarget section */
		8DD76F740486A8DE00D96B5E /* imagesnap */ = {
			isa = PBXNativeTarget;
			buildConfigurationList = 1DEB924708733DCA0010E9CD /* Build configuration list for PBXNativeTarget "imagesnap" */;
			buildPhases = (
				8DD76F760486A8DE00D96B5E /* Sources */,
				8DD76F780486A8DE00D96B5E /* Frameworks */,
				8DD76F7B0486A8DE00D96B5E /* CopyFiles */,
			);
			buildRules = (
			);
			dependencies = (
			);
			name = imagesnap;
			productInstallPath = "$(HOME)/bin";
			productName = ImageSnap;
			productReference = D4C1B149105C049B00FCB6A2 /* imagesnap */;
			productType = "com.apple.product-type.tool";
		};
/* End PBXNativeTarget section */

/* Begin PBXProject section */
		08FB7793FE84155DC02AAC07 /* Project object */ = {
			isa = PBXProject;
			attributes = {
				LastUpgradeCheck = 0410;
			};
			buildConfigurationList = 1DEB924B08733DCA0010E9CD /* Build configuration list for PBXProject "ImageSnap" */;
			compatibilityVersion = "Xcode 3.2";
			developmentRegion = English;
			hasScannedForEncodings = 1;
			knownRegions = (
				English,
				Japanese,
				French,
				German,
			);
			mainGroup = 08FB7794FE84155DC02AAC07 /* ImageSnap */;
			projectDirPath = "";
			projectRoot = "";
			targets = (
				8DD76F740486A8DE00D96B5E /* imagesnap */,
			);
		};
/* End PBXProject section */

/* Begin PBXSourcesBuildPhase section */
		8DD76F760486A8DE00D96B5E /* Sources */ = {
			isa = PBXSourcesBuildPhase;
			buildActionMask = 2147483647;
			files = (
				D44480A7105BFF5600756CA8 /* ImageSnap.m in Sources */,
			);
			runOnlyForDeploymentPostprocessing = 0;
		};
/* End PBXSourcesBuildPhase section */

/* Begin XCBuildConfiguration section */
		1DEB924808733DCA0010E9CD /* Debug */ = {
			isa = XCBuildConfiguration;
			buildSettings = {
				ALWAYS_SEARCH_USER_PATHS = NO;
				COPY_PHASE_STRIP = NO;
				GCC_DYNAMIC_NO_PIC = NO;
				GCC_MODEL_TUNING = G5;
				GCC_OPTIMIZATION_LEVEL = 0;
				GCC_VERSION = com.apple.compilers.llvm.clang.1_0;
				INSTALL_PATH = /usr/local/bin;
				PRODUCT_NAME = imagesnap;
				RUN_CLANG_STATIC_ANALYZER = YES;
				SDKROOT = macosx;
			};
			name = Debug;
		};
		1DEB924908733DCA0010E9CD /* Release */ = {
			isa = XCBuildConfiguration;
			buildSettings = {
				ALWAYS_SEARCH_USER_PATHS = NO;
				DEBUG_INFORMATION_FORMAT = "dwarf-with-dsym";
				GCC_MODEL_TUNING = G5;
				INSTALL_PATH = /usr/local/bin;
				PRODUCT_NAME = imagesnap;
				SDKROOT = macosx;
			};
			name = Release;
		};
		1DEB924C08733DCA0010E9CD /* Debug */ = {
			isa = XCBuildConfiguration;
			buildSettings = {
				ARCHS = "$(ARCHS_STANDARD_32_64_BIT)";
				GCC_C_LANGUAGE_STANDARD = gnu99;
				GCC_OPTIMIZATION_LEVEL = 0;
				GCC_WARN_ABOUT_RETURN_TYPE = YES;
				GCC_WARN_UNUSED_VARIABLE = YES;
				ONLY_ACTIVE_ARCH = YES;
				SDKROOT = macosx10.4;
				VALID_ARCHS = "i386 x86_64";
			};
			name = Debug;
		};
		1DEB924D08733DCA0010E9CD /* Release */ = {
			isa = XCBuildConfiguration;
			buildSettings = {
				ARCHS = "$(ARCHS_STANDARD_32_64_BIT)";
				GCC_C_LANGUAGE_STANDARD = gnu99;
				GCC_WARN_ABOUT_RETURN_TYPE = YES;
				GCC_WARN_UNUSED_VARIABLE = YES;
				SDKROOT = macosx10.4;
				VALID_ARCHS = "i386 x86_64";
			};
			name = Release;
		};
/* End XCBuildConfiguration section */

/* Begin XCConfigurationList section */
		1DEB924708733DCA0010E9CD /* Build configuration list for PBXNativeTarget "imagesnap" */ = {
			isa = XCConfigurationList;
			buildConfigurations = (
				1DEB924808733DCA0010E9CD /* Debug */,
				1DEB924908733DCA0010E9CD /* Release */,
			);
			defaultConfigurationIsVisible = 0;
			defaultConfigurationName = Release;
		};
		1DEB924B08733DCA0010E9CD /* Build configuration list for PBXProject "ImageSnap" */ = {
			isa = XCConfigurationList;
			buildConfigurations = (
				1DEB924C08733DCA0010E9CD /* Debug */,
				1DEB924D08733DCA0010E9CD /* Release */,
			);
			defaultConfigurationIsVisible = 0;
			defaultConfigurationName = Release;
		};
/* End XCConfigurationList section */
	};
	rootObject = 08FB7793FE84155DC02AAC07 /* Project object */;
}
